
Microsoft Visual Studio Solution File, Format Version 12.00
# Visual Studio Version 17
VisualStudioVersion = 17.3.32901.215
MinimumVisualStudioVersion = 10.0.40219.1
Project("{2150E333-8FDC-42A3-9474-1A3956D46DE8}") = "0 - Presentation", "0 - Presentation", "{8C7179A5-9CC9-45E8-A512-81965D7BE9FB}"
EndProject
Project("{2150E333-8FDC-42A3-9474-1A3956D46DE8}") = "2 - Application", "2 - Application", "{35A90108-9824-4FE8-8838-F2CCDB85FF64}"
EndProject
Project("{2150E333-8FDC-42A3-9474-1A3956D46DE8}") = "3 - Infra", "3 - Infra", "{4BE9AFB1-5D4F-458F-A620-4A60CEF147CB}"
EndProject
Project("{2150E333-8FDC-42A3-9474-1A3956D46DE8}") = "4 - Domain", "4 - Domain", "{87323775-EF65-4419-B808-F7C0F6209202}"
EndProject
Project("{9A19103F-16F7-4668-BE54-9A1E7A4F7556}") = "GCMAvantes.Application", "GCMAvantes.Application\GCMAvantes.Application.csproj", "{0F9423EE-199E-44EC-9B72-EFD42AEC9508}"
EndProject
Project("{9A19103F-16F7-4668-BE54-9A1E7A4F7556}") = "GCMAvantes.Infra", "GCMAvantes.Infra\GCMAvantes.Infra.csproj", "{124FBFF0-DAA4-4C6F-A5E6-33A3919E354E}"
EndProject
Project("{9A19103F-16F7-4668-BE54-9A1E7A4F7556}") = "GCMAvantes.Domain", "GCMAvantes.Domain\GCMAvantes.Domain.csproj", "{7F1BFD86-2458-472B-83AC-F3D3E551F69D}"
EndProject
Project("{9A19103F-16F7-4668-BE54-9A1E7A4F7556}") = "GCMAvantes.Web", "GCMAvantes.Web\GCMAvantes.Web.csproj", "{ABBC98BF-2A7D-4719-A762-63B55C59A2D0}"
EndProject
Project("{2150E333-8FDC-42A3-9474-1A3956D46DE8}") = "1 - WebAPI", "1 - WebAPI", "{12BFEA63-EBD1-4493-9FB0-356B44B02597}"
EndProject
Project("{FAE04EC0-301F-11D3-BF4B-00C04F79EFBC}") = "GCMAvantes.API", "GCMAvantes.API\GCMAvantes.API.csproj", "{E1BD09D1-557A-4885-AFCB-EAC6FB0A81ED}"
EndProject
Global
	GlobalSection(SolutionConfigurationPlatforms) = preSolution
		Debug|Any CPU = Debug|Any CPU
		Release|Any CPU = Release|Any CPU
	EndGlobalSection
	GlobalSection(ProjectConfigurationPlatforms) = postSolution
		{0F9423EE-199E-44EC-9B72-EFD42AEC9508}.Debug|Any CPU.ActiveCfg = Debug|Any CPU
		{0F9423EE-199E-44EC-9B72-EFD42AEC9508}.Debug|Any CPU.Build.0 = Debug|Any CPU
		{0F9423EE-199E-44EC-9B72-EFD42AEC9508}.Release|Any CPU.ActiveCfg = Release|Any CPU
		{0F9423EE-199E-44EC-9B72-EFD42AEC9508}.Release|Any CPU.Build.0 = Release|Any CPU
		{124FBFF0-DAA4-4C6F-A5E6-33A3919E354E}.Debug|Any CPU.ActiveCfg = Debug|Any CPU
		{124FBFF0-DAA4-4C6F-A5E6-33A3919E354E}.Debug|Any CPU.Build.0 = Debug|Any CPU
		{124FBFF0-DAA4-4C6F-A5E6-33A3919E354E}.Release|Any CPU.ActiveCfg = Release|Any CPU
		{124FBFF0-DAA4-4C6F-A5E6-33A3919E354E}.Release|Any CPU.Build.0 = Release|Any CPU
		{7F1BFD86-2458-472B-83AC-F3D3E551F69D}.Debug|Any CPU.ActiveCfg = Debug|Any CPU
		{7F1BFD86-2458-472B-83AC-F3D3E551F69D}.Debug|Any CPU.Build.0 = Debug|Any CPU
		{7F1BFD86-2458-472B-83AC-F3D3E551F69D}.Release|Any CPU.ActiveCfg = Release|Any CPU
		{7F1BFD86-2458-472B-83AC-F3D3E551F69D}.Release|Any CPU.Build.0 = Release|Any CPU
		{ABBC98BF-2A7D-4719-A762-63B55C59A2D0}.Debug|Any CPU.ActiveCfg = Debug|Any CPU
		{ABBC98BF-2A7D-4719-A762-63B55C59A2D0}.Debug|Any CPU.Build.0 = Debug|Any CPU
		{ABBC98BF-2A7D-4719-A762-63B55C59A2D0}.Release|Any CPU.ActiveCfg = Release|Any CPU
		{ABBC98BF-2A7D-4719-A762-63B55C59A2D0}.Release|Any CPU.Build.0 = Release|Any CPU
		{E1BD09D1-557A-4885-AFCB-EAC6FB0A81ED}.Debug|Any CPU.ActiveCfg = Debug|Any CPU
		{E1BD09D1-557A-4885-AFCB-EAC6FB0A81ED}.Debug|Any CPU.Build.0 = Debug|Any CPU
		{E1BD09D1-557A-4885-AFCB-EAC6FB0A81ED}.Release|Any CPU.ActiveCfg = Release|Any CPU
		{E1BD09D1-557A-4885-AFCB-EAC6FB0A81ED}.Release|Any CPU.Build.0 = Release|Any CPU
	EndGlobalSection
	GlobalSection(SolutionProperties) = preSolution
		HideSolutionNode = FALSE
	EndGlobalSection
	GlobalSection(NestedProjects) = preSolution
		{0F9423EE-199E-44EC-9B72-EFD42AEC9508} = {35A90108-9824-4FE8-8838-F2CCDB85FF64}
		{124FBFF0-DAA4-4C6F-A5E6-33A3919E354E} = {4BE9AFB1-5D4F-458F-A620-4A60CEF147CB}
		{7F1BFD86-2458-472B-83AC-F3D3E551F69D} = {87323775-EF65-4419-B808-F7C0F6209202}
		{ABBC98BF-2A7D-4719-A762-63B55C59A2D0} = {8C7179A5-9CC9-45E8-A512-81965D7BE9FB}
		{E1BD09D1-557A-4885-AFCB-EAC6FB0A81ED} = {12BFEA63-EBD1-4493-9FB0-356B44B02597}
	EndGlobalSection
	GlobalSection(ExtensibilityGlobals) = postSolution
		SolutionGuid = {0E52E029-F797-4AE5-ABC1-4C36B7DEA415}
	EndGlobalSection
EndGlobal
